
Microsoft Visual Studio Solution File, Format Version 12.00
# Visual Studio Version 16
VisualStudioVersion = 16.0.29924.181
MinimumVisualStudioVersion = 10.0.40219.1
Project("{FAE04EC0-301F-11D3-BF4B-00C04F79EFBC}") = "SerilogSample", "SerilogSample\SerilogSample.csproj", "{F844782E-5835-4B14-BDFE-3BCB6A93B376}"
EndProject
Global
	GlobalSection(SolutionConfigurationPlatforms) = preSolution
		Debug|Any CPU = Debug|Any CPU
		Release|Any CPU = Release|Any CPU
	EndGlobalSection
	GlobalSection(ProjectConfigurationPlatforms) = postSolution
		{F844782E-5835-4B14-BDFE-3BCB6A93B376}.Debug|Any CPU.ActiveCfg = Debug|Any CPU
		{F844782E-5835-4B14-BDFE-3BCB6A93B376}.Debug|Any CPU.Build.0 = Debug|Any CPU
		{F844782E-5835-4B14-BDFE-3BCB6A93B376}.Release|Any CPU.ActiveCfg = Release|Any CPU
		{F844782E-5835-4B14-BDFE-3BCB6A93B376}.Release|Any CPU.Build.0 = Release|Any CPU
	EndGlobalSection
	GlobalSection(SolutionProperties) = preSolution
		HideSolutionNode = FALSE
	EndGlobalSection
	GlobalSection(ExtensibilityGlobals) = postSolution
		SolutionGuid = {C52BE9C5-84A1-4DC7-AA2C-3F8A56A0CA03}
	EndGlobalSection
EndGlobal
